
Microsoft Visual Studio Solution File, Format Version 12.00
# Visual Studio Version 17
VisualStudioVersion = 17.11.35312.102
MinimumVisualStudioVersion = 10.0.40219.1
Project("{9A19103F-16F7-4668-BE54-9A1E7A4F7556}") = "CompanyEmployees", "CompanyEmployees\CompanyEmployees.csproj", "{AAC1713C-787B-45CC-A9B0-AD2CE4FAA983}"
EndProject
Project("{9A19103F-16F7-4668-BE54-9A1E7A4F7556}") = "Contracts", "Contracts\Contracts.csproj", "{BFA70BCD-2A0E-4150-8BF9-43EE04906710}"
EndProject
Project("{9A19103F-16F7-4668-BE54-9A1E7A4F7556}") = "LoggerService", "LoggerService\LoggerService.csproj", "{228640D8-0DD4-4B6D-A906-048F461FE3ED}"
EndProject
Project("{FAE04EC0-301F-11D3-BF4B-00C04F79EFBC}") = "Entities", "Entities\Entities.csproj", "{3009D907-E014-41FF-BA82-723EBBF909B7}"
EndProject
Project("{FAE04EC0-301F-11D3-BF4B-00C04F79EFBC}") = "Repository", "Repository\Repository.csproj", "{4A2EAB5E-1757-4783-8A50-E3BC200698F5}"
EndProject
Global
	GlobalSection(SolutionConfigurationPlatforms) = preSolution
		Debug|Any CPU = Debug|Any CPU
		Release|Any CPU = Release|Any CPU
	EndGlobalSection
	GlobalSection(ProjectConfigurationPlatforms) = postSolution
		{AAC1713C-787B-45CC-A9B0-AD2CE4FAA983}.Debug|Any CPU.ActiveCfg = Debug|Any CPU
		{AAC1713C-787B-45CC-A9B0-AD2CE4FAA983}.Debug|Any CPU.Build.0 = Debug|Any CPU
		{AAC1713C-787B-45CC-A9B0-AD2CE4FAA983}.Release|Any CPU.ActiveCfg = Release|Any CPU
		{AAC1713C-787B-45CC-A9B0-AD2CE4FAA983}.Release|Any CPU.Build.0 = Release|Any CPU
		{BFA70BCD-2A0E-4150-8BF9-43EE04906710}.Debug|Any CPU.ActiveCfg = Debug|Any CPU
		{BFA70BCD-2A0E-4150-8BF9-43EE04906710}.Debug|Any CPU.Build.0 = Debug|Any CPU
		{BFA70BCD-2A0E-4150-8BF9-43EE04906710}.Release|Any CPU.ActiveCfg = Release|Any CPU
		{BFA70BCD-2A0E-4150-8BF9-43EE04906710}.Release|Any CPU.Build.0 = Release|Any CPU
		{228640D8-0DD4-4B6D-A906-048F461FE3ED}.Debug|Any CPU.ActiveCfg = Debug|Any CPU
		{228640D8-0DD4-4B6D-A906-048F461FE3ED}.Debug|Any CPU.Build.0 = Debug|Any CPU
		{228640D8-0DD4-4B6D-A906-048F461FE3ED}.Release|Any CPU.ActiveCfg = Release|Any CPU
		{228640D8-0DD4-4B6D-A906-048F461FE3ED}.Release|Any CPU.Build.0 = Release|Any CPU
		{3009D907-E014-41FF-BA82-723EBBF909B7}.Debug|Any CPU.ActiveCfg = Debug|Any CPU
		{3009D907-E014-41FF-BA82-723EBBF909B7}.Debug|Any CPU.Build.0 = Debug|Any CPU
		{3009D907-E014-41FF-BA82-723EBBF909B7}.Release|Any CPU.ActiveCfg = Release|Any CPU
		{3009D907-E014-41FF-BA82-723EBBF909B7}.Release|Any CPU.Build.0 = Release|Any CPU
		{4A2EAB5E-1757-4783-8A50-E3BC200698F5}.Debug|Any CPU.ActiveCfg = Debug|Any CPU
		{4A2EAB5E-1757-4783-8A50-E3BC200698F5}.Debug|Any CPU.Build.0 = Debug|Any CPU
		{4A2EAB5E-1757-4783-8A50-E3BC200698F5}.Release|Any CPU.ActiveCfg = Release|Any CPU
		{4A2EAB5E-1757-4783-8A50-E3BC200698F5}.Release|Any CPU.Build.0 = Release|Any CPU
	EndGlobalSection
	GlobalSection(SolutionProperties) = preSolution
		HideSolutionNode = FALSE
	EndGlobalSection
	GlobalSection(ExtensibilityGlobals) = postSolution
		SolutionGuid = {8FC537C8-B5B3-4FF9-9254-67B9A1211D38}
	EndGlobalSection
EndGlobal
